// !$*UTF8*$!
{
	archiveVersion = 1;
	classes = {
	};
	objectVersion = 48;
	objects = {

/* Begin PBXBuildFile section */
		7A1DDF741FC96464000D21B7 /* FruitListNavigationCoordinator.swift in Sources */ = {isa = PBXBuildFile; fileRef = 7A1DDF621FC96464000D21B7 /* FruitListNavigationCoordinator.swift */; };
		7A1DDF751FC96464000D21B7 /* FruitListInteractor.swift in Sources */ = {isa = PBXBuildFile; fileRef = 7A1DDF641FC96464000D21B7 /* FruitListInteractor.swift */; };
		7A1DDF761FC96464000D21B7 /* CollectionViewDataSource.swift in Sources */ = {isa = PBXBuildFile; fileRef = 7A1DDF661FC96464000D21B7 /* CollectionViewDataSource.swift */; };
		7A1DDF771FC96464000D21B7 /* CollectionViewDelegate.swift in Sources */ = {isa = PBXBuildFile; fileRef = 7A1DDF671FC96464000D21B7 /* CollectionViewDelegate.swift */; };
		7A1DDF781FC96464000D21B7 /* FruitListPresenter+Helper.swift in Sources */ = {isa = PBXBuildFile; fileRef = 7A1DDF691FC96464000D21B7 /* FruitListPresenter+Helper.swift */; };
		7A1DDF791FC96464000D21B7 /* FruitListPresenter.swift in Sources */ = {isa = PBXBuildFile; fileRef = 7A1DDF6A1FC96464000D21B7 /* FruitListPresenter.swift */; };
		7A1DDF7A1FC96464000D21B7 /* FruitList.storyboard in Resources */ = {isa = PBXBuildFile; fileRef = 7A1DDF6C1FC96464000D21B7 /* FruitList.storyboard */; };
		7A1DDF7B1FC96464000D21B7 /* FruitListCell.swift in Sources */ = {isa = PBXBuildFile; fileRef = 7A1DDF6E1FC96464000D21B7 /* FruitListCell.swift */; };
		7A1DDF7C1FC96464000D21B7 /* FruitListCell.xib in Resources */ = {isa = PBXBuildFile; fileRef = 7A1DDF6F1FC96464000D21B7 /* FruitListCell.xib */; };
		7A1DDF7D1FC96464000D21B7 /* FruitListViewController+PresenterDelegate.swift in Sources */ = {isa = PBXBuildFile; fileRef = 7A1DDF711FC96464000D21B7 /* FruitListViewController+PresenterDelegate.swift */; };
		7A1DDF7E1FC96464000D21B7 /* FruitListViewController+UIViewControllerPreviewDelegate.swift in Sources */ = {isa = PBXBuildFile; fileRef = 7A1DDF721FC96464000D21B7 /* FruitListViewController+UIViewControllerPreviewDelegate.swift */; };
		7A1DDF7F1FC96464000D21B7 /* FruitListViewController.swift in Sources */ = {isa = PBXBuildFile; fileRef = 7A1DDF731FC96464000D21B7 /* FruitListViewController.swift */; };
		7A30F02A1FC9E722003423A9 /* UsageStatsHandler.swift in Sources */ = {isa = PBXBuildFile; fileRef = 7A30F0291FC9E721003423A9 /* UsageStatsHandler.swift */; };
		7A30F02C1FC9E732003423A9 /* UsageStatsType.swift in Sources */ = {isa = PBXBuildFile; fileRef = 7A30F02B1FC9E732003423A9 /* UsageStatsType.swift */; };
		7A30F0301FC9F43D003423A9 /* SupportDisaplyUsageStatsUpdate.swift in Sources */ = {isa = PBXBuildFile; fileRef = 7A30F02F1FC9F43D003423A9 /* SupportDisaplyUsageStatsUpdate.swift */; };
		7A30F0321FC9F474003423A9 /* CanNotifyDisplayRenderDuration.swift in Sources */ = {isa = PBXBuildFile; fileRef = 7A30F0311FC9F474003423A9 /* CanNotifyDisplayRenderDuration.swift */; };
		7A30F0341FC9F4B7003423A9 /* CanNotifyNetworkRequestDuration.swift in Sources */ = {isa = PBXBuildFile; fileRef = 7A30F0331FC9F4B7003423A9 /* CanNotifyNetworkRequestDuration.swift */; };
		7A7E43B81FCAE11E0072087F /* FruitDataTests.swift in Sources */ = {isa = PBXBuildFile; fileRef = 7A7E43A51FCAE11E0072087F /* FruitDataTests.swift */; };
		7A7E43B91FCAE11E0072087F /* FruitViewModelTests.swift in Sources */ = {isa = PBXBuildFile; fileRef = 7A7E43A61FCAE11E0072087F /* FruitViewModelTests.swift */; };
		7A7E43BA1FCAE11E0072087F /* FunctionsTests.swift in Sources */ = {isa = PBXBuildFile; fileRef = 7A7E43A81FCAE11E0072087F /* FunctionsTests.swift */; };
		7A7E43BB1FCAE11E0072087F /* HTTPURLResponse+ResponseTypeTests.swift in Sources */ = {isa = PBXBuildFile; fileRef = 7A7E43AA1FCAE11E0072087F /* HTTPURLResponse+ResponseTypeTests.swift */; };
		7A7E43BC1FCAE11E0072087F /* FruitDataNetworkServiceTests.swift in Sources */ = {isa = PBXBuildFile; fileRef = 7A7E43AC1FCAE11E0072087F /* FruitDataNetworkServiceTests.swift */; };
		7A7E43BD1FCAE11E0072087F /* UsageStatsNetworkServiceTests.swift in Sources */ = {isa = PBXBuildFile; fileRef = 7A7E43AD1FCAE11E0072087F /* UsageStatsNetworkServiceTests.swift */; };
		7A7E43BE1FCAE11E0072087F /* CanNotifyDisplayRenderDurationTests.swift in Sources */ = {isa = PBXBuildFile; fileRef = 7A7E43AF1FCAE11E0072087F /* CanNotifyDisplayRenderDurationTests.swift */; };
		7A7E43BF1FCAE11E0072087F /* CanNotifyNetworkRequestDurationTests.swift in Sources */ = {isa = PBXBuildFile; fileRef = 7A7E43B01FCAE11E0072087F /* CanNotifyNetworkRequestDurationTests.swift */; };
		7A7E43C01FCAE11E0072087F /* InteractorTests.swift in Sources */ = {isa = PBXBuildFile; fileRef = 7A7E43B11FCAE11E0072087F /* InteractorTests.swift */; };
		7A7E43C11FCAE11E0072087F /* ErrorViewTests.swift in Sources */ = {isa = PBXBuildFile; fileRef = 7A7E43B31FCAE11E0072087F /* ErrorViewTests.swift */; };
		7A7E43C21FCAE11E0072087F /* LoadingViewTests.swift in Sources */ = {isa = PBXBuildFile; fileRef = 7A7E43B41FCAE11E0072087F /* LoadingViewTests.swift */; };
		7A7E43C31FCAE11E0072087F /* UsageStatsErrorNotifierTests.swift in Sources */ = {isa = PBXBuildFile; fileRef = 7A7E43B61FCAE11E0072087F /* UsageStatsErrorNotifierTests.swift */; };
		7A7E43C41FCAE11E0072087F /* UsageStatsHandlerTests.swift in Sources */ = {isa = PBXBuildFile; fileRef = 7A7E43B71FCAE11E0072087F /* UsageStatsHandlerTests.swift */; };
		7A7E43CE1FCAE1AD0072087F /* FruitListNavigationCoordinatorTests.swift in Sources */ = {isa = PBXBuildFile; fileRef = 7A7E43CD1FCAE1AD0072087F /* FruitListNavigationCoordinatorTests.swift */; };
		7A7E43D01FCAE5150072087F /* FruitListInteractorTests.swift in Sources */ = {isa = PBXBuildFile; fileRef = 7A7E43CF1FCAE5150072087F /* FruitListInteractorTests.swift */; };
		7A8F42811FC75AED00E57FAC /* AppDelegate.swift in Sources */ = {isa = PBXBuildFile; fileRef = 7A8F427C1FC75AED00E57FAC /* AppDelegate.swift */; };
		7A8F42821FC75AED00E57FAC /* Assets.xcassets in Resources */ = {isa = PBXBuildFile; fileRef = 7A8F427E1FC75AED00E57FAC /* Assets.xcassets */; };
		7A8F42831FC75AED00E57FAC /* LaunchScreen.storyboard in Resources */ = {isa = PBXBuildFile; fileRef = 7A8F427F1FC75AED00E57FAC /* LaunchScreen.storyboard */; };
		7A8F42861FC75B3E00E57FAC /* Localizable.strings in Resources */ = {isa = PBXBuildFile; fileRef = 7A8F42881FC75B3E00E57FAC /* Localizable.strings */; };
		7A8F42D71FC75BCC00E57FAC /* DetailedViewerNavigationCoordinator.swift in Sources */ = {isa = PBXBuildFile; fileRef = 7A8F428E1FC75BCC00E57FAC /* DetailedViewerNavigationCoordinator.swift */; };
		7A8F42D81FC75BCC00E57FAC /* DetailedViewerPresenter.swift in Sources */ = {isa = PBXBuildFile; fileRef = 7A8F42901FC75BCC00E57FAC /* DetailedViewerPresenter.swift */; };
		7A8F42D91FC75BCC00E57FAC /* DetailedViewer.storyboard in Resources */ = {isa = PBXBuildFile; fileRef = 7A8F42921FC75BCC00E57FAC /* DetailedViewer.storyboard */; };
		7A8F42DA1FC75BCC00E57FAC /* DetailedViewerViewController.swift in Sources */ = {isa = PBXBuildFile; fileRef = 7A8F42941FC75BCC00E57FAC /* DetailedViewerViewController.swift */; };
		7A8F42DB1FC75BCC00E57FAC /* MainNavigationCoordinator.swift in Sources */ = {isa = PBXBuildFile; fileRef = 7A8F42971FC75BCC00E57FAC /* MainNavigationCoordinator.swift */; };
		7A8F42DC1FC75BCC00E57FAC /* MainPresenter.swift in Sources */ = {isa = PBXBuildFile; fileRef = 7A8F429A1FC75BCC00E57FAC /* MainPresenter.swift */; };
		7A8F42DD1FC75BCC00E57FAC /* Main.storyboard in Resources */ = {isa = PBXBuildFile; fileRef = 7A8F429C1FC75BCC00E57FAC /* Main.storyboard */; };
		7A8F42DE1FC75BCC00E57FAC /* MainViewController.swift in Sources */ = {isa = PBXBuildFile; fileRef = 7A8F429E1FC75BCC00E57FAC /* MainViewController.swift */; };
		7A8F42EB1FC75BCC00E57FAC /* Fruit.swift in Sources */ = {isa = PBXBuildFile; fileRef = 7A8F42B51FC75BCC00E57FAC /* Fruit.swift */; };
		7A8F42EC1FC75BCC00E57FAC /* Functions.swift in Sources */ = {isa = PBXBuildFile; fileRef = 7A8F42B71FC75BCC00E57FAC /* Functions.swift */; };
		7A8F42ED1FC75BCC00E57FAC /* Strings.swift in Sources */ = {isa = PBXBuildFile; fileRef = 7A8F42B91FC75BCC00E57FAC /* Strings.swift */; };
		7A8F42EF1FC75BCC00E57FAC /* FruitDataNetworkService.swift in Sources */ = {isa = PBXBuildFile; fileRef = 7A8F42BD1FC75BCC00E57FAC /* FruitDataNetworkService.swift */; };
		7A8F42F11FC75BCC00E57FAC /* CanInteractWithPresenter.swift in Sources */ = {isa = PBXBuildFile; fileRef = 7A8F42C11FC75BCC00E57FAC /* CanInteractWithPresenter.swift */; };
		7A8F42F21FC75BCC00E57FAC /* CanShowStatusView.swift in Sources */ = {isa = PBXBuildFile; fileRef = 7A8F42C21FC75BCC00E57FAC /* CanShowStatusView.swift */; };
		7A8F42F31FC75BCC00E57FAC /* Coordinatable.swift in Sources */ = {isa = PBXBuildFile; fileRef = 7A8F42C31FC75BCC00E57FAC /* Coordinatable.swift */; };
		7A8F42F41FC75BCC00E57FAC /* Interactor.swift in Sources */ = {isa = PBXBuildFile; fileRef = 7A8F42C41FC75BCC00E57FAC /* Interactor.swift */; };
		7A8F42F51FC75BCC00E57FAC /* Presenter.swift in Sources */ = {isa = PBXBuildFile; fileRef = 7A8F42C51FC75BCC00E57FAC /* Presenter.swift */; };
		7A8F42F61FC75BCC00E57FAC /* PresenterDelegate.swift in Sources */ = {isa = PBXBuildFile; fileRef = 7A8F42C61FC75BCC00E57FAC /* PresenterDelegate.swift */; };
		7A8F42F71FC75BCC00E57FAC /* Reuseable.swift in Sources */ = {isa = PBXBuildFile; fileRef = 7A8F42C71FC75BCC00E57FAC /* Reuseable.swift */; };
		7A8F42F81FC75BCC00E57FAC /* Task.swift in Sources */ = {isa = PBXBuildFile; fileRef = 7A8F42C81FC75BCC00E57FAC /* Task.swift */; };
		7A8F42F91FC75BCC00E57FAC /* ErrorView.swift in Sources */ = {isa = PBXBuildFile; fileRef = 7A8F42CA1FC75BCC00E57FAC /* ErrorView.swift */; };
		7A8F42FA1FC75BCC00E57FAC /* ErrorView.xib in Resources */ = {isa = PBXBuildFile; fileRef = 7A8F42CB1FC75BCC00E57FAC /* ErrorView.xib */; };
		7A8F42FB1FC75BCC00E57FAC /* LoadingView.swift in Sources */ = {isa = PBXBuildFile; fileRef = 7A8F42CC1FC75BCC00E57FAC /* LoadingView.swift */; };
		7A8F42FC1FC75BCC00E57FAC /* LoadingView.xib in Resources */ = {isa = PBXBuildFile; fileRef = 7A8F42CD1FC75BCC00E57FAC /* LoadingView.xib */; };
		7A8F42FD1FC75BCC00E57FAC /* UICollectionReusableView+ReuseIdentifier.swift in Sources */ = {isa = PBXBuildFile; fileRef = 7A8F42D01FC75BCC00E57FAC /* UICollectionReusableView+ReuseIdentifier.swift */; };
		7A8F42FE1FC75BCC00E57FAC /* UICollectionView+Register.swift in Sources */ = {isa = PBXBuildFile; fileRef = 7A8F42D21FC75BCC00E57FAC /* UICollectionView+Register.swift */; };
		7A8F42FF1FC75BCC00E57FAC /* UIStoryboard+Instantiate.swift in Sources */ = {isa = PBXBuildFile; fileRef = 7A8F42D41FC75BCC00E57FAC /* UIStoryboard+Instantiate.swift */; };
		7A8F43001FC75BCC00E57FAC /* UIView+Initialize.swift in Sources */ = {isa = PBXBuildFile; fileRef = 7A8F42D61FC75BCC00E57FAC /* UIView+Initialize.swift */; };
		7A8F43111FC76B8600E57FAC /* Result.swift in Sources */ = {isa = PBXBuildFile; fileRef = 7A8F43101FC76B8600E57FAC /* Result.swift */; };
		7AA8C4231FCAE8F300AA64BF /* CollectionViewDataSourceTests.swift in Sources */ = {isa = PBXBuildFile; fileRef = 7AA8C4221FCAE8F300AA64BF /* CollectionViewDataSourceTests.swift */; };
		7AA8C4251FCAEEA700AA64BF /* CollectionViewDelegateTests.swift in Sources */ = {isa = PBXBuildFile; fileRef = 7AA8C4241FCAEEA700AA64BF /* CollectionViewDelegateTests.swift */; };
		7AA8C4271FCAF81E00AA64BF /* FruitListPresenterTests.swift in Sources */ = {isa = PBXBuildFile; fileRef = 7AA8C4261FCAF81E00AA64BF /* FruitListPresenterTests.swift */; };
		7AACD1571FCA01B900097C0C /* FruitViewerExceptionHandler.m in Sources */ = {isa = PBXBuildFile; fileRef = 7AACD1561FCA01B900097C0C /* FruitViewerExceptionHandler.m */; };
		7AACD1591FCA074700097C0C /* UsageStatsErrorNotifier.swift in Sources */ = {isa = PBXBuildFile; fileRef = 7AACD1581FCA074700097C0C /* UsageStatsErrorNotifier.swift */; };
		7AD5630E1FC9A46E00215F55 /* FruitViewModel.swift in Sources */ = {isa = PBXBuildFile; fileRef = 7AD5630D1FC9A46E00215F55 /* FruitViewModel.swift */; };
		7AD563121FC9C2EA00215F55 /* UsageStatsNetworkService.swift in Sources */ = {isa = PBXBuildFile; fileRef = 7AD563111FC9C2EA00215F55 /* UsageStatsNetworkService.swift */; };
		7AD563141FC9C6CA00215F55 /* NetworkServiceError.swift in Sources */ = {isa = PBXBuildFile; fileRef = 7AD563131FC9C6CA00215F55 /* NetworkServiceError.swift */; };
		7AD563181FC9C7BF00215F55 /* HTTPURLResponse+ResponseType.swift in Sources */ = {isa = PBXBuildFile; fileRef = 7AD563171FC9C7BF00215F55 /* HTTPURLResponse+ResponseType.swift */; };
/* End PBXBuildFile section */

/* Begin PBXContainerItemProxy section */
		7A8F426B1FC75A3400E57FAC /* PBXContainerItemProxy */ = {
			isa = PBXContainerItemProxy;
			containerPortal = 7A8F424E1FC75A3400E57FAC /* Project object */;
			proxyType = 1;
			remoteGlobalIDString = 7A8F42551FC75A3400E57FAC;
			remoteInfo = FruitViewer;
		};
/* End PBXContainerItemProxy section */

/* Begin PBXFileReference section */
		7A1DDF621FC96464000D21B7 /* FruitListNavigationCoordinator.swift */ = {isa = PBXFileReference; fileEncoding = 4; lastKnownFileType = sourcecode.swift; path = FruitListNavigationCoordinator.swift; sourceTree = "<group>"; };
		7A1DDF641FC96464000D21B7 /* FruitListInteractor.swift */ = {isa = PBXFileReference; fileEncoding = 4; lastKnownFileType = sourcecode.swift; path = FruitListInteractor.swift; sourceTree = "<group>"; };
		7A1DDF661FC96464000D21B7 /* CollectionViewDataSource.swift */ = {isa = PBXFileReference; fileEncoding = 4; lastKnownFileType = sourcecode.swift; path = CollectionViewDataSource.swift; sourceTree = "<group>"; };
		7A1DDF671FC96464000D21B7 /* CollectionViewDelegate.swift */ = {isa = PBXFileReference; fileEncoding = 4; lastKnownFileType = sourcecode.swift; path = CollectionViewDelegate.swift; sourceTree = "<group>"; };
		7A1DDF691FC96464000D21B7 /* FruitListPresenter+Helper.swift */ = {isa = PBXFileReference; fileEncoding = 4; lastKnownFileType = sourcecode.swift; path = "FruitListPresenter+Helper.swift"; sourceTree = "<group>"; };
		7A1DDF6A1FC96464000D21B7 /* FruitListPresenter.swift */ = {isa = PBXFileReference; fileEncoding = 4; lastKnownFileType = sourcecode.swift; path = FruitListPresenter.swift; sourceTree = "<group>"; };
		7A1DDF6C1FC96464000D21B7 /* FruitList.storyboard */ = {isa = PBXFileReference; fileEncoding = 4; lastKnownFileType = file.storyboard; path = FruitList.storyboard; sourceTree = "<group>"; };
		7A1DDF6E1FC96464000D21B7 /* FruitListCell.swift */ = {isa = PBXFileReference; fileEncoding = 4; lastKnownFileType = sourcecode.swift; path = FruitListCell.swift; sourceTree = "<group>"; };
		7A1DDF6F1FC96464000D21B7 /* FruitListCell.xib */ = {isa = PBXFileReference; fileEncoding = 4; lastKnownFileType = file.xib; path = FruitListCell.xib; sourceTree = "<group>"; };
		7A1DDF711FC96464000D21B7 /* FruitListViewController+PresenterDelegate.swift */ = {isa = PBXFileReference; fileEncoding = 4; lastKnownFileType = sourcecode.swift; path = "FruitListViewController+PresenterDelegate.swift"; sourceTree = "<group>"; };
		7A1DDF721FC96464000D21B7 /* FruitListViewController+UIViewControllerPreviewDelegate.swift */ = {isa = PBXFileReference; fileEncoding = 4; lastKnownFileType = sourcecode.swift; path = "FruitListViewController+UIViewControllerPreviewDelegate.swift"; sourceTree = "<group>"; };
		7A1DDF731FC96464000D21B7 /* FruitListViewController.swift */ = {isa = PBXFileReference; fileEncoding = 4; lastKnownFileType = sourcecode.swift; path = FruitListViewController.swift; sourceTree = "<group>"; };
		7A30F0291FC9E721003423A9 /* UsageStatsHandler.swift */ = {isa = PBXFileReference; fileEncoding = 4; lastKnownFileType = sourcecode.swift; path = UsageStatsHandler.swift; sourceTree = "<group>"; };
		7A30F02B1FC9E732003423A9 /* UsageStatsType.swift */ = {isa = PBXFileReference; lastKnownFileType = sourcecode.swift; path = UsageStatsType.swift; sourceTree = "<group>"; };
		7A30F02F1FC9F43D003423A9 /* SupportDisaplyUsageStatsUpdate.swift */ = {isa = PBXFileReference; lastKnownFileType = sourcecode.swift; path = SupportDisaplyUsageStatsUpdate.swift; sourceTree = "<group>"; };
		7A30F0311FC9F474003423A9 /* CanNotifyDisplayRenderDuration.swift */ = {isa = PBXFileReference; lastKnownFileType = sourcecode.swift; path = CanNotifyDisplayRenderDuration.swift; sourceTree = "<group>"; };
		7A30F0331FC9F4B7003423A9 /* CanNotifyNetworkRequestDuration.swift */ = {isa = PBXFileReference; lastKnownFileType = sourcecode.swift; path = CanNotifyNetworkRequestDuration.swift; sourceTree = "<group>"; };
		7A7E43A51FCAE11E0072087F /* FruitDataTests.swift */ = {isa = PBXFileReference; fileEncoding = 4; lastKnownFileType = sourcecode.swift; path = FruitDataTests.swift; sourceTree = "<group>"; };
		7A7E43A61FCAE11E0072087F /* FruitViewModelTests.swift */ = {isa = PBXFileReference; fileEncoding = 4; lastKnownFileType = sourcecode.swift; path = FruitViewModelTests.swift; sourceTree = "<group>"; };
		7A7E43A81FCAE11E0072087F /* FunctionsTests.swift */ = {isa = PBXFileReference; fileEncoding = 4; lastKnownFileType = sourcecode.swift; path = FunctionsTests.swift; sourceTree = "<group>"; };
		7A7E43AA1FCAE11E0072087F /* HTTPURLResponse+ResponseTypeTests.swift */ = {isa = PBXFileReference; fileEncoding = 4; lastKnownFileType = sourcecode.swift; path = "HTTPURLResponse+ResponseTypeTests.swift"; sourceTree = "<group>"; };
		7A7E43AC1FCAE11E0072087F /* FruitDataNetworkServiceTests.swift */ = {isa = PBXFileReference; fileEncoding = 4; lastKnownFileType = sourcecode.swift; path = FruitDataNetworkServiceTests.swift; sourceTree = "<group>"; };
		7A7E43AD1FCAE11E0072087F /* UsageStatsNetworkServiceTests.swift */ = {isa = PBXFileReference; fileEncoding = 4; lastKnownFileType = sourcecode.swift; path = UsageStatsNetworkServiceTests.swift; sourceTree = "<group>"; };
		7A7E43AF1FCAE11E0072087F /* CanNotifyDisplayRenderDurationTests.swift */ = {isa = PBXFileReference; fileEncoding = 4; lastKnownFileType = sourcecode.swift; path = CanNotifyDisplayRenderDurationTests.swift; sourceTree = "<group>"; };
		7A7E43B01FCAE11E0072087F /* CanNotifyNetworkRequestDurationTests.swift */ = {isa = PBXFileReference; fileEncoding = 4; lastKnownFileType = sourcecode.swift; path = CanNotifyNetworkRequestDurationTests.swift; sourceTree = "<group>"; };
		7A7E43B11FCAE11E0072087F /* InteractorTests.swift */ = {isa = PBXFileReference; fileEncoding = 4; lastKnownFileType = sourcecode.swift; path = InteractorTests.swift; sourceTree = "<group>"; };
		7A7E43B31FCAE11E0072087F /* ErrorViewTests.swift */ = {isa = PBXFileReference; fileEncoding = 4; lastKnownFileType = sourcecode.swift; path = ErrorViewTests.swift; sourceTree = "<group>"; };
		7A7E43B41FCAE11E0072087F /* LoadingViewTests.swift */ = {isa = PBXFileReference; fileEncoding = 4; lastKnownFileType = sourcecode.swift; path = LoadingViewTests.swift; sourceTree = "<group>"; };
		7A7E43B61FCAE11E0072087F /* UsageStatsErrorNotifierTests.swift */ = {isa = PBXFileReference; fileEncoding = 4; lastKnownFileType = sourcecode.swift; path = UsageStatsErrorNotifierTests.swift; sourceTree = "<group>"; };
		7A7E43B71FCAE11E0072087F /* UsageStatsHandlerTests.swift */ = {isa = PBXFileReference; fileEncoding = 4; lastKnownFileType = sourcecode.swift; path = UsageStatsHandlerTests.swift; sourceTree = "<group>"; };
		7A7E43CD1FCAE1AD0072087F /* FruitListNavigationCoordinatorTests.swift */ = {isa = PBXFileReference; lastKnownFileType = sourcecode.swift; path = FruitListNavigationCoordinatorTests.swift; sourceTree = "<group>"; };
		7A7E43CF1FCAE5150072087F /* FruitListInteractorTests.swift */ = {isa = PBXFileReference; lastKnownFileType = sourcecode.swift; path = FruitListInteractorTests.swift; sourceTree = "<group>"; };
		7A8F42561FC75A3400E57FAC /* FruitViewer.app */ = {isa = PBXFileReference; explicitFileType = wrapper.application; includeInIndex = 0; path = FruitViewer.app; sourceTree = BUILT_PRODUCTS_DIR; };
		7A8F426A1FC75A3400E57FAC /* FruitViewerTests.xctest */ = {isa = PBXFileReference; explicitFileType = wrapper.cfbundle; includeInIndex = 0; path = FruitViewerTests.xctest; sourceTree = BUILT_PRODUCTS_DIR; };
		7A8F42701FC75A3400E57FAC /* Info.plist */ = {isa = PBXFileReference; lastKnownFileType = text.plist.xml; path = Info.plist; sourceTree = "<group>"; };
		7A8F427A1FC75AED00E57FAC /* Info.plist */ = {isa = PBXFileReference; fileEncoding = 4; lastKnownFileType = text.plist.xml; path = Info.plist; sourceTree = "<group>"; };
		7A8F427C1FC75AED00E57FAC /* AppDelegate.swift */ = {isa = PBXFileReference; fileEncoding = 4; lastKnownFileType = sourcecode.swift; path = AppDelegate.swift; sourceTree = "<group>"; };
		7A8F427E1FC75AED00E57FAC /* Assets.xcassets */ = {isa = PBXFileReference; lastKnownFileType = folder.assetcatalog; path = Assets.xcassets; sourceTree = "<group>"; };
		7A8F427F1FC75AED00E57FAC /* LaunchScreen.storyboard */ = {isa = PBXFileReference; fileEncoding = 4; lastKnownFileType = file.storyboard; path = LaunchScreen.storyboard; sourceTree = "<group>"; };
		7A8F428A1FC75B5C00E57FAC /* Base */ = {isa = PBXFileReference; lastKnownFileType = text.plist.strings; name = Base; path = Base.lproj/Localizable.strings; sourceTree = "<group>"; };
		7A8F428E1FC75BCC00E57FAC /* DetailedViewerNavigationCoordinator.swift */ = {isa = PBXFileReference; fileEncoding = 4; lastKnownFileType = sourcecode.swift; path = DetailedViewerNavigationCoordinator.swift; sourceTree = "<group>"; };
		7A8F42901FC75BCC00E57FAC /* DetailedViewerPresenter.swift */ = {isa = PBXFileReference; fileEncoding = 4; lastKnownFileType = sourcecode.swift; path = DetailedViewerPresenter.swift; sourceTree = "<group>"; };
		7A8F42921FC75BCC00E57FAC /* DetailedViewer.storyboard */ = {isa = PBXFileReference; fileEncoding = 4; lastKnownFileType = file.storyboard; path = DetailedViewer.storyboard; sourceTree = "<group>"; };
		7A8F42941FC75BCC00E57FAC /* DetailedViewerViewController.swift */ = {isa = PBXFileReference; fileEncoding = 4; lastKnownFileType = sourcecode.swift; path = DetailedViewerViewController.swift; sourceTree = "<group>"; };
		7A8F42971FC75BCC00E57FAC /* MainNavigationCoordinator.swift */ = {isa = PBXFileReference; fileEncoding = 4; lastKnownFileType = sourcecode.swift; path = MainNavigationCoordinator.swift; sourceTree = "<group>"; };
		7A8F429A1FC75BCC00E57FAC /* MainPresenter.swift */ = {isa = PBXFileReference; fileEncoding = 4; lastKnownFileType = sourcecode.swift; path = MainPresenter.swift; sourceTree = "<group>"; };
		7A8F429C1FC75BCC00E57FAC /* Main.storyboard */ = {isa = PBXFileReference; fileEncoding = 4; lastKnownFileType = file.storyboard; path = Main.storyboard; sourceTree = "<group>"; };
		7A8F429E1FC75BCC00E57FAC /* MainViewController.swift */ = {isa = PBXFileReference; fileEncoding = 4; lastKnownFileType = sourcecode.swift; path = MainViewController.swift; sourceTree = "<group>"; };
		7A8F42B51FC75BCC00E57FAC /* Fruit.swift */ = {isa = PBXFileReference; fileEncoding = 4; lastKnownFileType = sourcecode.swift; path = Fruit.swift; sourceTree = "<group>"; };
		7A8F42B71FC75BCC00E57FAC /* Functions.swift */ = {isa = PBXFileReference; fileEncoding = 4; lastKnownFileType = sourcecode.swift; path = Functions.swift; sourceTree = "<group>"; };
		7A8F42B91FC75BCC00E57FAC /* Strings.swift */ = {isa = PBXFileReference; fileEncoding = 4; lastKnownFileType = sourcecode.swift; path = Strings.swift; sourceTree = "<group>"; };
		7A8F42BD1FC75BCC00E57FAC /* FruitDataNetworkService.swift */ = {isa = PBXFileReference; fileEncoding = 4; lastKnownFileType = sourcecode.swift; path = FruitDataNetworkService.swift; sourceTree = "<group>"; };
		7A8F42C11FC75BCC00E57FAC /* CanInteractWithPresenter.swift */ = {isa = PBXFileReference; fileEncoding = 4; lastKnownFileType = sourcecode.swift; path = CanInteractWithPresenter.swift; sourceTree = "<group>"; };
		7A8F42C21FC75BCC00E57FAC /* CanShowStatusView.swift */ = {isa = PBXFileReference; fileEncoding = 4; lastKnownFileType = sourcecode.swift; path = CanShowStatusView.swift; sourceTree = "<group>"; };
		7A8F42C31FC75BCC00E57FAC /* Coordinatable.swift */ = {isa = PBXFileReference; fileEncoding = 4; lastKnownFileType = sourcecode.swift; path = Coordinatable.swift; sourceTree = "<group>"; };
		7A8F42C41FC75BCC00E57FAC /* Interactor.swift */ = {isa = PBXFileReference; fileEncoding = 4; lastKnownFileType = sourcecode.swift; path = Interactor.swift; sourceTree = "<group>"; };
		7A8F42C51FC75BCC00E57FAC /* Presenter.swift */ = {isa = PBXFileReference; fileEncoding = 4; lastKnownFileType = sourcecode.swift; path = Presenter.swift; sourceTree = "<group>"; };
		7A8F42C61FC75BCC00E57FAC /* PresenterDelegate.swift */ = {isa = PBXFileReference; fileEncoding = 4; lastKnownFileType = sourcecode.swift; path = PresenterDelegate.swift; sourceTree = "<group>"; };
		7A8F42C71FC75BCC00E57FAC /* Reuseable.swift */ = {isa = PBXFileReference; fileEncoding = 4; lastKnownFileType = sourcecode.swift; path = Reuseable.swift; sourceTree = "<group>"; };
		7A8F42C81FC75BCC00E57FAC /* Task.swift */ = {isa = PBXFileReference; fileEncoding = 4; lastKnownFileType = sourcecode.swift; path = Task.swift; sourceTree = "<group>"; };
		7A8F42CA1FC75BCC00E57FAC /* ErrorView.swift */ = {isa = PBXFileReference; fileEncoding = 4; lastKnownFileType = sourcecode.swift; path = ErrorView.swift; sourceTree = "<group>"; };
		7A8F42CB1FC75BCC00E57FAC /* ErrorView.xib */ = {isa = PBXFileReference; fileEncoding = 4; lastKnownFileType = file.xib; path = ErrorView.xib; sourceTree = "<group>"; };
		7A8F42CC1FC75BCC00E57FAC /* LoadingView.swift */ = {isa = PBXFileReference; fileEncoding = 4; lastKnownFileType = sourcecode.swift; path = LoadingView.swift; sourceTree = "<group>"; };
		7A8F42CD1FC75BCC00E57FAC /* LoadingView.xib */ = {isa = PBXFileReference; fileEncoding = 4; lastKnownFileType = file.xib; path = LoadingView.xib; sourceTree = "<group>"; };
		7A8F42D01FC75BCC00E57FAC /* UICollectionReusableView+ReuseIdentifier.swift */ = {isa = PBXFileReference; fileEncoding = 4; lastKnownFileType = sourcecode.swift; path = "UICollectionReusableView+ReuseIdentifier.swift"; sourceTree = "<group>"; };
		7A8F42D21FC75BCC00E57FAC /* UICollectionView+Register.swift */ = {isa = PBXFileReference; fileEncoding = 4; lastKnownFileType = sourcecode.swift; path = "UICollectionView+Register.swift"; sourceTree = "<group>"; };
		7A8F42D41FC75BCC00E57FAC /* UIStoryboard+Instantiate.swift */ = {isa = PBXFileReference; fileEncoding = 4; lastKnownFileType = sourcecode.swift; path = "UIStoryboard+Instantiate.swift"; sourceTree = "<group>"; };
		7A8F42D61FC75BCC00E57FAC /* UIView+Initialize.swift */ = {isa = PBXFileReference; fileEncoding = 4; lastKnownFileType = sourcecode.swift; path = "UIView+Initialize.swift"; sourceTree = "<group>"; };
		7A8F43101FC76B8600E57FAC /* Result.swift */ = {isa = PBXFileReference; fileEncoding = 4; lastKnownFileType = sourcecode.swift; path = Result.swift; sourceTree = "<group>"; };
		7AA8C4221FCAE8F300AA64BF /* CollectionViewDataSourceTests.swift */ = {isa = PBXFileReference; lastKnownFileType = sourcecode.swift; path = CollectionViewDataSourceTests.swift; sourceTree = "<group>"; };
		7AA8C4241FCAEEA700AA64BF /* CollectionViewDelegateTests.swift */ = {isa = PBXFileReference; lastKnownFileType = sourcecode.swift; path = CollectionViewDelegateTests.swift; sourceTree = "<group>"; };
		7AA8C4261FCAF81E00AA64BF /* FruitListPresenterTests.swift */ = {isa = PBXFileReference; lastKnownFileType = sourcecode.swift; path = FruitListPresenterTests.swift; sourceTree = "<group>"; };
		7AACD1541FCA01B900097C0C /* FruitViewer-Bridging-Header.h */ = {isa = PBXFileReference; lastKnownFileType = sourcecode.c.h; path = "FruitViewer-Bridging-Header.h"; sourceTree = "<group>"; };
		7AACD1551FCA01B900097C0C /* FruitViewerExceptionHandler.h */ = {isa = PBXFileReference; lastKnownFileType = sourcecode.c.h; path = FruitViewerExceptionHandler.h; sourceTree = "<group>"; };
		7AACD1561FCA01B900097C0C /* FruitViewerExceptionHandler.m */ = {isa = PBXFileReference; lastKnownFileType = sourcecode.c.objc; path = FruitViewerExceptionHandler.m; sourceTree = "<group>"; };
		7AACD1581FCA074700097C0C /* UsageStatsErrorNotifier.swift */ = {isa = PBXFileReference; lastKnownFileType = sourcecode.swift; path = UsageStatsErrorNotifier.swift; sourceTree = "<group>"; };
		7AD5630D1FC9A46E00215F55 /* FruitViewModel.swift */ = {isa = PBXFileReference; lastKnownFileType = sourcecode.swift; path = FruitViewModel.swift; sourceTree = "<group>"; };
		7AD563111FC9C2EA00215F55 /* UsageStatsNetworkService.swift */ = {isa = PBXFileReference; lastKnownFileType = sourcecode.swift; path = UsageStatsNetworkService.swift; sourceTree = "<group>"; };
		7AD563131FC9C6CA00215F55 /* NetworkServiceError.swift */ = {isa = PBXFileReference; lastKnownFileType = sourcecode.swift; path = NetworkServiceError.swift; sourceTree = "<group>"; };
		7AD563171FC9C7BF00215F55 /* HTTPURLResponse+ResponseType.swift */ = {isa = PBXFileReference; lastKnownFileType = sourcecode.swift; path = "HTTPURLResponse+ResponseType.swift"; sourceTree = "<group>"; };
/* End PBXFileReference section */

/* Begin PBXFrameworksBuildPhase section */
		7A8F42531FC75A3400E57FAC /* Frameworks */ = {
			isa = PBXFrameworksBuildPhase;
			buildActionMask = 2147483647;
			files = (
			);
			runOnlyForDeploymentPostprocessing = 0;
		};
		7A8F42671FC75A3400E57FAC /* Frameworks */ = {
			isa = PBXFrameworksBuildPhase;
			buildActionMask = 2147483647;
			files = (
			);
			runOnlyForDeploymentPostprocessing = 0;
		};
/* End PBXFrameworksBuildPhase section */

/* Begin PBXGroup section */
		7A1DDF601FC96464000D21B7 /* FruitList */ = {
			isa = PBXGroup;
			children = (
				7A1DDF611FC96464000D21B7 /* Coordinator */,
				7A1DDF631FC96464000D21B7 /* Interactor */,
				7A1DDF651FC96464000D21B7 /* Model */,
				7A1DDF681FC96464000D21B7 /* Presenter */,
				7A1DDF6B1FC96464000D21B7 /* Storyboard */,
				7A1DDF6D1FC96464000D21B7 /* View */,
				7A1DDF701FC96464000D21B7 /* ViewController */,
			);
			path = FruitList;
			sourceTree = "<group>";
		};
		7A1DDF611FC96464000D21B7 /* Coordinator */ = {
			isa = PBXGroup;
			children = (
				7A1DDF621FC96464000D21B7 /* FruitListNavigationCoordinator.swift */,
			);
			path = Coordinator;
			sourceTree = "<group>";
		};
		7A1DDF631FC96464000D21B7 /* Interactor */ = {
			isa = PBXGroup;
			children = (
				7A1DDF641FC96464000D21B7 /* FruitListInteractor.swift */,
			);
			path = Interactor;
			sourceTree = "<group>";
		};
		7A1DDF651FC96464000D21B7 /* Model */ = {
			isa = PBXGroup;
			children = (
				7A1DDF661FC96464000D21B7 /* CollectionViewDataSource.swift */,
				7A1DDF671FC96464000D21B7 /* CollectionViewDelegate.swift */,
			);
			path = Model;
			sourceTree = "<group>";
		};
		7A1DDF681FC96464000D21B7 /* Presenter */ = {
			isa = PBXGroup;
			children = (
				7A1DDF691FC96464000D21B7 /* FruitListPresenter+Helper.swift */,
				7A1DDF6A1FC96464000D21B7 /* FruitListPresenter.swift */,
			);
			path = Presenter;
			sourceTree = "<group>";
		};
		7A1DDF6B1FC96464000D21B7 /* Storyboard */ = {
			isa = PBXGroup;
			children = (
				7A1DDF6C1FC96464000D21B7 /* FruitList.storyboard */,
			);
			path = Storyboard;
			sourceTree = "<group>";
		};
		7A1DDF6D1FC96464000D21B7 /* View */ = {
			isa = PBXGroup;
			children = (
				7A1DDF6E1FC96464000D21B7 /* FruitListCell.swift */,
				7A1DDF6F1FC96464000D21B7 /* FruitListCell.xib */,
			);
			path = View;
			sourceTree = "<group>";
		};
		7A1DDF701FC96464000D21B7 /* ViewController */ = {
			isa = PBXGroup;
			children = (
				7A1DDF711FC96464000D21B7 /* FruitListViewController+PresenterDelegate.swift */,
				7A1DDF721FC96464000D21B7 /* FruitListViewController+UIViewControllerPreviewDelegate.swift */,
				7A1DDF731FC96464000D21B7 /* FruitListViewController.swift */,
			);
			path = ViewController;
			sourceTree = "<group>";
		};
		7A30F0281FC9E721003423A9 /* UsageStats */ = {
			isa = PBXGroup;
			children = (
				7A30F0291FC9E721003423A9 /* UsageStatsHandler.swift */,
				7A30F02B1FC9E732003423A9 /* UsageStatsType.swift */,
				7AACD1581FCA074700097C0C /* UsageStatsErrorNotifier.swift */,
			);
			path = UsageStats;
			sourceTree = "<group>";
		};
		7A7E43A21FCAE11E0072087F /* Source */ = {
			isa = PBXGroup;
			children = (
				7A7E43C51FCAE1790072087F /* Modules */,
				7A7E43A31FCAE11E0072087F /* Shared */,
			);
			path = Source;
			sourceTree = "<group>";
		};
		7A7E43A31FCAE11E0072087F /* Shared */ = {
			isa = PBXGroup;
			children = (
				7A7E43A41FCAE11E0072087F /* Entities */,
				7A7E43A71FCAE11E0072087F /* Functions */,
				7A7E43A91FCAE11E0072087F /* HTTPURLResponse */,
				7A7E43AB1FCAE11E0072087F /* Networking */,
				7A7E43AE1FCAE11E0072087F /* Protocols */,
				7A7E43B21FCAE11E0072087F /* StatusView */,
				7A7E43B51FCAE11E0072087F /* UsageStats */,
			);
			path = Shared;
			sourceTree = "<group>";
		};
		7A7E43A41FCAE11E0072087F /* Entities */ = {
			isa = PBXGroup;
			children = (
				7A7E43A51FCAE11E0072087F /* FruitDataTests.swift */,
				7A7E43A61FCAE11E0072087F /* FruitViewModelTests.swift */,
			);
			path = Entities;
			sourceTree = "<group>";
		};
		7A7E43A71FCAE11E0072087F /* Functions */ = {
			isa = PBXGroup;
			children = (
				7A7E43A81FCAE11E0072087F /* FunctionsTests.swift */,
			);
			path = Functions;
			sourceTree = "<group>";
		};
		7A7E43A91FCAE11E0072087F /* HTTPURLResponse */ = {
			isa = PBXGroup;
			children = (
				7A7E43AA1FCAE11E0072087F /* HTTPURLResponse+ResponseTypeTests.swift */,
			);
			path = HTTPURLResponse;
			sourceTree = "<group>";
		};
		7A7E43AB1FCAE11E0072087F /* Networking */ = {
			isa = PBXGroup;
			children = (
				7A7E43AC1FCAE11E0072087F /* FruitDataNetworkServiceTests.swift */,
				7A7E43AD1FCAE11E0072087F /* UsageStatsNetworkServiceTests.swift */,
			);
			path = Networking;
			sourceTree = "<group>";
		};
		7A7E43AE1FCAE11E0072087F /* Protocols */ = {
			isa = PBXGroup;
			children = (
				7A7E43AF1FCAE11E0072087F /* CanNotifyDisplayRenderDurationTests.swift */,
				7A7E43B01FCAE11E0072087F /* CanNotifyNetworkRequestDurationTests.swift */,
				7A7E43B11FCAE11E0072087F /* InteractorTests.swift */,
			);
			path = Protocols;
			sourceTree = "<group>";
		};
		7A7E43B21FCAE11E0072087F /* StatusView */ = {
			isa = PBXGroup;
			children = (
				7A7E43B31FCAE11E0072087F /* ErrorViewTests.swift */,
				7A7E43B41FCAE11E0072087F /* LoadingViewTests.swift */,
			);
			path = StatusView;
			sourceTree = "<group>";
		};
		7A7E43B51FCAE11E0072087F /* UsageStats */ = {
			isa = PBXGroup;
			children = (
				7A7E43B61FCAE11E0072087F /* UsageStatsErrorNotifierTests.swift */,
				7A7E43B71FCAE11E0072087F /* UsageStatsHandlerTests.swift */,
			);
			path = UsageStats;
			sourceTree = "<group>";
		};
		7A7E43C51FCAE1790072087F /* Modules */ = {
			isa = PBXGroup;
			children = (
				7A7E43C61FCAE1790072087F /* FruitList */,
			);
			path = Modules;
			sourceTree = "<group>";
		};
		7A7E43C61FCAE1790072087F /* FruitList */ = {
			isa = PBXGroup;
			children = (
				7A7E43C71FCAE1790072087F /* Coordinator */,
				7A7E43C81FCAE1790072087F /* Interactor */,
				7A7E43C91FCAE1790072087F /* Model */,
				7A7E43CA1FCAE1790072087F /* Presenter */,
			);
			path = FruitList;
			sourceTree = "<group>";
		};
		7A7E43C71FCAE1790072087F /* Coordinator */ = {
			isa = PBXGroup;
			children = (
				7A7E43CD1FCAE1AD0072087F /* FruitListNavigationCoordinatorTests.swift */,
			);
			path = Coordinator;
			sourceTree = "<group>";
		};
		7A7E43C81FCAE1790072087F /* Interactor */ = {
			isa = PBXGroup;
			children = (
				7A7E43CF1FCAE5150072087F /* FruitListInteractorTests.swift */,
			);
			path = Interactor;
			sourceTree = "<group>";
		};
		7A7E43C91FCAE1790072087F /* Model */ = {
			isa = PBXGroup;
			children = (
				7AA8C4221FCAE8F300AA64BF /* CollectionViewDataSourceTests.swift */,
				7AA8C4241FCAEEA700AA64BF /* CollectionViewDelegateTests.swift */,
			);
			path = Model;
			sourceTree = "<group>";
		};
		7A7E43CA1FCAE1790072087F /* Presenter */ = {
			isa = PBXGroup;
			children = (
				7AA8C4261FCAF81E00AA64BF /* FruitListPresenterTests.swift */,
			);
			path = Presenter;
			sourceTree = "<group>";
		};
		7A8F424D1FC75A3400E57FAC = {
			isa = PBXGroup;
			children = (
				7A8F42581FC75A3400E57FAC /* FruitViewer */,
				7A8F426D1FC75A3400E57FAC /* FruitViewerTests */,
				7A8F42571FC75A3400E57FAC /* Products */,
			);
			sourceTree = "<group>";
		};
		7A8F42571FC75A3400E57FAC /* Products */ = {
			isa = PBXGroup;
			children = (
				7A8F42561FC75A3400E57FAC /* FruitViewer.app */,
				7A8F426A1FC75A3400E57FAC /* FruitViewerTests.xctest */,
			);
			name = Products;
			sourceTree = "<group>";
		};
		7A8F42581FC75A3400E57FAC /* FruitViewer */ = {
			isa = PBXGroup;
			children = (
				7A8F427D1FC75AED00E57FAC /* Resources */,
				7A8F427B1FC75AED00E57FAC /* Source */,
				7A8F42791FC75AED00E57FAC /* Supporting */,
			);
			path = FruitViewer;
			sourceTree = "<group>";
		};
		7A8F426D1FC75A3400E57FAC /* FruitViewerTests */ = {
			isa = PBXGroup;
			children = (
				7A7E43A21FCAE11E0072087F /* Source */,
				7A8F42701FC75A3400E57FAC /* Info.plist */,
			);
			path = FruitViewerTests;
			sourceTree = "<group>";
		};
		7A8F42791FC75AED00E57FAC /* Supporting */ = {
			isa = PBXGroup;
			children = (
				7A8F427A1FC75AED00E57FAC /* Info.plist */,
			);
			path = Supporting;
			sourceTree = "<group>";
		};
		7A8F427B1FC75AED00E57FAC /* Source */ = {
			isa = PBXGroup;
			children = (
				7A8F428B1FC75BCC00E57FAC /* Modules */,
				7A8F42B31FC75BCC00E57FAC /* Shared */,
				7A8F427C1FC75AED00E57FAC /* AppDelegate.swift */,
			);
			path = Source;
			sourceTree = "<group>";
		};
		7A8F427D1FC75AED00E57FAC /* Resources */ = {
			isa = PBXGroup;
			children = (
				7A8F427E1FC75AED00E57FAC /* Assets.xcassets */,
				7A8F427F1FC75AED00E57FAC /* LaunchScreen.storyboard */,
				7A8F42881FC75B3E00E57FAC /* Localizable.strings */,
			);
			path = Resources;
			sourceTree = "<group>";
		};
		7A8F428B1FC75BCC00E57FAC /* Modules */ = {
			isa = PBXGroup;
			children = (
				7A1DDF601FC96464000D21B7 /* FruitList */,
				7A8F428C1FC75BCC00E57FAC /* DetailedViewer */,
				7A8F42951FC75BCC00E57FAC /* Main */,
			);
			path = Modules;
			sourceTree = "<group>";
		};
		7A8F428C1FC75BCC00E57FAC /* DetailedViewer */ = {
			isa = PBXGroup;
			children = (
				7A8F428D1FC75BCC00E57FAC /* Coordinator */,
				7A8F428F1FC75BCC00E57FAC /* Presenter */,
				7A8F42911FC75BCC00E57FAC /* Storyboard */,
				7A8F42931FC75BCC00E57FAC /* ViewController */,
			);
			path = DetailedViewer;
			sourceTree = "<group>";
		};
		7A8F428D1FC75BCC00E57FAC /* Coordinator */ = {
			isa = PBXGroup;
			children = (
				7A8F428E1FC75BCC00E57FAC /* DetailedViewerNavigationCoordinator.swift */,
			);
			path = Coordinator;
			sourceTree = "<group>";
		};
		7A8F428F1FC75BCC00E57FAC /* Presenter */ = {
			isa = PBXGroup;
			children = (
				7A8F42901FC75BCC00E57FAC /* DetailedViewerPresenter.swift */,
			);
			path = Presenter;
			sourceTree = "<group>";
		};
		7A8F42911FC75BCC00E57FAC /* Storyboard */ = {
			isa = PBXGroup;
			children = (
				7A8F42921FC75BCC00E57FAC /* DetailedViewer.storyboard */,
			);
			path = Storyboard;
			sourceTree = "<group>";
		};
		7A8F42931FC75BCC00E57FAC /* ViewController */ = {
			isa = PBXGroup;
			children = (
				7A8F42941FC75BCC00E57FAC /* DetailedViewerViewController.swift */,
			);
			path = ViewController;
			sourceTree = "<group>";
		};
		7A8F42951FC75BCC00E57FAC /* Main */ = {
			isa = PBXGroup;
			children = (
				7A8F42961FC75BCC00E57FAC /* Coordinator */,
				7A8F42991FC75BCC00E57FAC /* Presenter */,
				7A8F429B1FC75BCC00E57FAC /* Storyboard */,
				7A8F429D1FC75BCC00E57FAC /* ViewController */,
			);
			path = Main;
			sourceTree = "<group>";
		};
		7A8F42961FC75BCC00E57FAC /* Coordinator */ = {
			isa = PBXGroup;
			children = (
				7A8F42971FC75BCC00E57FAC /* MainNavigationCoordinator.swift */,
			);
			path = Coordinator;
			sourceTree = "<group>";
		};
		7A8F42991FC75BCC00E57FAC /* Presenter */ = {
			isa = PBXGroup;
			children = (
				7A8F429A1FC75BCC00E57FAC /* MainPresenter.swift */,
			);
			path = Presenter;
			sourceTree = "<group>";
		};
		7A8F429B1FC75BCC00E57FAC /* Storyboard */ = {
			isa = PBXGroup;
			children = (
				7A8F429C1FC75BCC00E57FAC /* Main.storyboard */,
			);
			path = Storyboard;
			sourceTree = "<group>";
		};
		7A8F429D1FC75BCC00E57FAC /* ViewController */ = {
			isa = PBXGroup;
			children = (
				7A8F429E1FC75BCC00E57FAC /* MainViewController.swift */,
			);
			path = ViewController;
			sourceTree = "<group>";
		};
		7A8F42B31FC75BCC00E57FAC /* Shared */ = {
			isa = PBXGroup;
			children = (
				7AACD1531FCA018900097C0C /* ExceptionHandler */,
				7A30F0281FC9E721003423A9 /* UsageStats */,
				7AD563151FC9C7A100215F55 /* Foundation */,
				7A8F42B41FC75BCC00E57FAC /* Entities */,
				7A8F42B61FC75BCC00E57FAC /* Functions */,
				7A8F42B81FC75BCC00E57FAC /* Helpers */,
				7A8F42BC1FC75BCC00E57FAC /* Networking */,
				7A8F42C01FC75BCC00E57FAC /* Protocols */,
				7A8F42C91FC75BCC00E57FAC /* StatusView */,
				7A8F42CE1FC75BCC00E57FAC /* UIKit */,
			);
			path = Shared;
			sourceTree = "<group>";
		};
		7A8F42B41FC75BCC00E57FAC /* Entities */ = {
			isa = PBXGroup;
			children = (
				7A8F42B51FC75BCC00E57FAC /* Fruit.swift */,
				7AD5630D1FC9A46E00215F55 /* FruitViewModel.swift */,
			);
			path = Entities;
			sourceTree = "<group>";
		};
		7A8F42B61FC75BCC00E57FAC /* Functions */ = {
			isa = PBXGroup;
			children = (
				7A8F42B71FC75BCC00E57FAC /* Functions.swift */,
			);
			path = Functions;
			sourceTree = "<group>";
		};
		7A8F42B81FC75BCC00E57FAC /* Helpers */ = {
			isa = PBXGroup;
			children = (
				7A8F42B91FC75BCC00E57FAC /* Strings.swift */,
			);
			path = Helpers;
			sourceTree = "<group>";
		};
		7A8F42BC1FC75BCC00E57FAC /* Networking */ = {
			isa = PBXGroup;
			children = (
				7A8F43101FC76B8600E57FAC /* Result.swift */,
				7A8F42BD1FC75BCC00E57FAC /* FruitDataNetworkService.swift */,
				7AD563111FC9C2EA00215F55 /* UsageStatsNetworkService.swift */,
				7AD563131FC9C6CA00215F55 /* NetworkServiceError.swift */,
			);
			path = Networking;
			sourceTree = "<group>";
		};
		7A8F42C01FC75BCC00E57FAC /* Protocols */ = {
			isa = PBXGroup;
			children = (
				7A30F02F1FC9F43D003423A9 /* SupportDisaplyUsageStatsUpdate.swift */,
				7A8F42C11FC75BCC00E57FAC /* CanInteractWithPresenter.swift */,
				7A8F42C21FC75BCC00E57FAC /* CanShowStatusView.swift */,
				7A8F42C31FC75BCC00E57FAC /* Coordinatable.swift */,
				7A8F42C41FC75BCC00E57FAC /* Interactor.swift */,
				7A8F42C51FC75BCC00E57FAC /* Presenter.swift */,
				7A8F42C61FC75BCC00E57FAC /* PresenterDelegate.swift */,
				7A8F42C71FC75BCC00E57FAC /* Reuseable.swift */,
				7A8F42C81FC75BCC00E57FAC /* Task.swift */,
				7A30F0311FC9F474003423A9 /* CanNotifyDisplayRenderDuration.swift */,
				7A30F0331FC9F4B7003423A9 /* CanNotifyNetworkRequestDuration.swift */,
			);
			path = Protocols;
			sourceTree = "<group>";
		};
		7A8F42C91FC75BCC00E57FAC /* StatusView */ = {
			isa = PBXGroup;
			children = (
				7A8F42CA1FC75BCC00E57FAC /* ErrorView.swift */,
				7A8F42CB1FC75BCC00E57FAC /* ErrorView.xib */,
				7A8F42CC1FC75BCC00E57FAC /* LoadingView.swift */,
				7A8F42CD1FC75BCC00E57FAC /* LoadingView.xib */,
			);
			path = StatusView;
			sourceTree = "<group>";
		};
		7A8F42CE1FC75BCC00E57FAC /* UIKit */ = {
			isa = PBXGroup;
			children = (
				7A8F42CF1FC75BCC00E57FAC /* UICollectionReusableView */,
				7A8F42D11FC75BCC00E57FAC /* UICollectionView */,
				7A8F42D31FC75BCC00E57FAC /* UIStoryboard */,
				7A8F42D51FC75BCC00E57FAC /* UIView */,
			);
			path = UIKit;
			sourceTree = "<group>";
		};
		7A8F42CF1FC75BCC00E57FAC /* UICollectionReusableView */ = {
			isa = PBXGroup;
			children = (
				7A8F42D01FC75BCC00E57FAC /* UICollectionReusableView+ReuseIdentifier.swift */,
			);
			path = UICollectionReusableView;
			sourceTree = "<group>";
		};
		7A8F42D11FC75BCC00E57FAC /* UICollectionView */ = {
			isa = PBXGroup;
			children = (
				7A8F42D21FC75BCC00E57FAC /* UICollectionView+Register.swift */,
			);
			path = UICollectionView;
			sourceTree = "<group>";
		};
		7A8F42D31FC75BCC00E57FAC /* UIStoryboard */ = {
			isa = PBXGroup;
			children = (
				7A8F42D41FC75BCC00E57FAC /* UIStoryboard+Instantiate.swift */,
			);
			path = UIStoryboard;
			sourceTree = "<group>";
		};
		7A8F42D51FC75BCC00E57FAC /* UIView */ = {
			isa = PBXGroup;
			children = (
				7A8F42D61FC75BCC00E57FAC /* UIView+Initialize.swift */,
			);
			path = UIView;
			sourceTree = "<group>";
		};
		7AACD1531FCA018900097C0C /* ExceptionHandler */ = {
			isa = PBXGroup;
			children = (
				7AACD1551FCA01B900097C0C /* FruitViewerExceptionHandler.h */,
				7AACD1561FCA01B900097C0C /* FruitViewerExceptionHandler.m */,
				7AACD1541FCA01B900097C0C /* FruitViewer-Bridging-Header.h */,
			);
			path = ExceptionHandler;
			sourceTree = "<group>";
		};
		7AD563151FC9C7A100215F55 /* Foundation */ = {
			isa = PBXGroup;
			children = (
				7AD563161FC9C7A100215F55 /* HTTPURLResponse */,
			);
			path = Foundation;
			sourceTree = "<group>";
		};
		7AD563161FC9C7A100215F55 /* HTTPURLResponse */ = {
			isa = PBXGroup;
			children = (
				7AD563171FC9C7BF00215F55 /* HTTPURLResponse+ResponseType.swift */,
			);
			path = HTTPURLResponse;
			sourceTree = "<group>";
		};
/* End PBXGroup section */

/* Begin PBXNativeTarget section */
		7A8F42551FC75A3400E57FAC /* FruitViewer */ = {
			isa = PBXNativeTarget;
			buildConfigurationList = 7A8F42731FC75A3400E57FAC /* Build configuration list for PBXNativeTarget "FruitViewer" */;
			buildPhases = (
				7A8F42521FC75A3400E57FAC /* Sources */,
				7A8F42531FC75A3400E57FAC /* Frameworks */,
				7A8F42541FC75A3400E57FAC /* Resources */,
			);
			buildRules = (
			);
			dependencies = (
			);
			name = FruitViewer;
			productName = FruitViewer;
			productReference = 7A8F42561FC75A3400E57FAC /* FruitViewer.app */;
			productType = "com.apple.product-type.application";
		};
		7A8F42691FC75A3400E57FAC /* FruitViewerTests */ = {
			isa = PBXNativeTarget;
			buildConfigurationList = 7A8F42761FC75A3400E57FAC /* Build configuration list for PBXNativeTarget "FruitViewerTests" */;
			buildPhases = (
				7A8F42661FC75A3400E57FAC /* Sources */,
				7A8F42671FC75A3400E57FAC /* Frameworks */,
				7A8F42681FC75A3400E57FAC /* Resources */,
			);
			buildRules = (
			);
			dependencies = (
				7A8F426C1FC75A3400E57FAC /* PBXTargetDependency */,
			);
			name = FruitViewerTests;
			productName = FruitViewerTests;
			productReference = 7A8F426A1FC75A3400E57FAC /* FruitViewerTests.xctest */;
			productType = "com.apple.product-type.bundle.unit-test";
		};
/* End PBXNativeTarget section */

/* Begin PBXProject section */
		7A8F424E1FC75A3400E57FAC /* Project object */ = {
			isa = PBXProject;
			attributes = {
				LastSwiftUpdateCheck = 0900;
				LastUpgradeCheck = 0900;
				ORGANIZATIONNAME = "John, Melvin (Associate Software Developer)";
				TargetAttributes = {
					7A8F42551FC75A3400E57FAC = {
						CreatedOnToolsVersion = 9.0.1;
						LastSwiftMigration = 0900;
						ProvisioningStyle = Automatic;
					};
					7A8F42691FC75A3400E57FAC = {
						CreatedOnToolsVersion = 9.0.1;
						LastSwiftMigration = 0900;
						ProvisioningStyle = Automatic;
						TestTargetID = 7A8F42551FC75A3400E57FAC;
					};
				};
			};
			buildConfigurationList = 7A8F42511FC75A3400E57FAC /* Build configuration list for PBXProject "FruitViewer" */;
			compatibilityVersion = "Xcode 8.0";
			developmentRegion = en;
			hasScannedForEncodings = 0;
			knownRegions = (
				en,
				Base,
			);
			mainGroup = 7A8F424D1FC75A3400E57FAC;
			productRefGroup = 7A8F42571FC75A3400E57FAC /* Products */;
			projectDirPath = "";
			projectRoot = "";
			targets = (
				7A8F42551FC75A3400E57FAC /* FruitViewer */,
				7A8F42691FC75A3400E57FAC /* FruitViewerTests */,
			);
		};
/* End PBXProject section */

/* Begin PBXResourcesBuildPhase section */
		7A8F42541FC75A3400E57FAC /* Resources */ = {
			isa = PBXResourcesBuildPhase;
			buildActionMask = 2147483647;
			files = (
				7A8F42831FC75AED00E57FAC /* LaunchScreen.storyboard in Resources */,
				7A8F42861FC75B3E00E57FAC /* Localizable.strings in Resources */,
				7A8F42D91FC75BCC00E57FAC /* DetailedViewer.storyboard in Resources */,
				7A1DDF7A1FC96464000D21B7 /* FruitList.storyboard in Resources */,
				7A1DDF7C1FC96464000D21B7 /* FruitListCell.xib in Resources */,
				7A8F42DD1FC75BCC00E57FAC /* Main.storyboard in Resources */,
				7A8F42FA1FC75BCC00E57FAC /* ErrorView.xib in Resources */,
				7A8F42821FC75AED00E57FAC /* Assets.xcassets in Resources */,
				7A8F42FC1FC75BCC00E57FAC /* LoadingView.xib in Resources */,
			);
			runOnlyForDeploymentPostprocessing = 0;
		};
		7A8F42681FC75A3400E57FAC /* Resources */ = {
			isa = PBXResourcesBuildPhase;
			buildActionMask = 2147483647;
			files = (
			);
			runOnlyForDeploymentPostprocessing = 0;
		};
/* End PBXResourcesBuildPhase section */

/* Begin PBXSourcesBuildPhase section */
		7A8F42521FC75A3400E57FAC /* Sources */ = {
			isa = PBXSourcesBuildPhase;
			buildActionMask = 2147483647;
			files = (
				7AD563121FC9C2EA00215F55 /* UsageStatsNetworkService.swift in Sources */,
				7A1DDF7F1FC96464000D21B7 /* FruitListViewController.swift in Sources */,
				7A30F0321FC9F474003423A9 /* CanNotifyDisplayRenderDuration.swift in Sources */,
				7A8F42F71FC75BCC00E57FAC /* Reuseable.swift in Sources */,
				7A1DDF771FC96464000D21B7 /* CollectionViewDelegate.swift in Sources */,
				7AACD1591FCA074700097C0C /* UsageStatsErrorNotifier.swift in Sources */,
				7A1DDF781FC96464000D21B7 /* FruitListPresenter+Helper.swift in Sources */,
				7A8F42ED1FC75BCC00E57FAC /* Strings.swift in Sources */,
				7A8F42F21FC75BCC00E57FAC /* CanShowStatusView.swift in Sources */,
				7A1DDF7B1FC96464000D21B7 /* FruitListCell.swift in Sources */,
				7A8F42DE1FC75BCC00E57FAC /* MainViewController.swift in Sources */,
				7A8F42F31FC75BCC00E57FAC /* Coordinatable.swift in Sources */,
				7A8F43111FC76B8600E57FAC /* Result.swift in Sources */,
				7A1DDF791FC96464000D21B7 /* FruitListPresenter.swift in Sources */,
				7A8F42F11FC75BCC00E57FAC /* CanInteractWithPresenter.swift in Sources */,
				7AACD1571FCA01B900097C0C /* FruitViewerExceptionHandler.m in Sources */,
				7A30F02A1FC9E722003423A9 /* UsageStatsHandler.swift in Sources */,
				7A8F42FD1FC75BCC00E57FAC /* UICollectionReusableView+ReuseIdentifier.swift in Sources */,
				7AD563181FC9C7BF00215F55 /* HTTPURLResponse+ResponseType.swift in Sources */,
				7A8F42F41FC75BCC00E57FAC /* Interactor.swift in Sources */,
				7A8F42FB1FC75BCC00E57FAC /* LoadingView.swift in Sources */,
				7A8F42F61FC75BCC00E57FAC /* PresenterDelegate.swift in Sources */,
				7A8F42F91FC75BCC00E57FAC /* ErrorView.swift in Sources */,
				7A1DDF7D1FC96464000D21B7 /* FruitListViewController+PresenterDelegate.swift in Sources */,
				7A1DDF751FC96464000D21B7 /* FruitListInteractor.swift in Sources */,
				7A8F42EF1FC75BCC00E57FAC /* FruitDataNetworkService.swift in Sources */,
				7A8F42811FC75AED00E57FAC /* AppDelegate.swift in Sources */,
				7A8F42DC1FC75BCC00E57FAC /* MainPresenter.swift in Sources */,
				7A8F42EC1FC75BCC00E57FAC /* Functions.swift in Sources */,
				7A8F42F81FC75BCC00E57FAC /* Task.swift in Sources */,
				7A8F42DA1FC75BCC00E57FAC /* DetailedViewerViewController.swift in Sources */,
				7A8F42F51FC75BCC00E57FAC /* Presenter.swift in Sources */,
				7A8F42EB1FC75BCC00E57FAC /* Fruit.swift in Sources */,
				7A1DDF741FC96464000D21B7 /* FruitListNavigationCoordinator.swift in Sources */,
				7A30F0341FC9F4B7003423A9 /* CanNotifyNetworkRequestDuration.swift in Sources */,
				7A8F42DB1FC75BCC00E57FAC /* MainNavigationCoordinator.swift in Sources */,
				7A8F42D81FC75BCC00E57FAC /* DetailedViewerPresenter.swift in Sources */,
				7AD563141FC9C6CA00215F55 /* NetworkServiceError.swift in Sources */,
				7A1DDF7E1FC96464000D21B7 /* FruitListViewController+UIViewControllerPreviewDelegate.swift in Sources */,
				7A1DDF761FC96464000D21B7 /* CollectionViewDataSource.swift in Sources */,
				7AD5630E1FC9A46E00215F55 /* FruitViewModel.swift in Sources */,
				7A8F42FE1FC75BCC00E57FAC /* UICollectionView+Register.swift in Sources */,
				7A30F0301FC9F43D003423A9 /* SupportDisaplyUsageStatsUpdate.swift in Sources */,
				7A8F43001FC75BCC00E57FAC /* UIView+Initialize.swift in Sources */,
				7A8F42D71FC75BCC00E57FAC /* DetailedViewerNavigationCoordinator.swift in Sources */,
				7A8F42FF1FC75BCC00E57FAC /* UIStoryboard+Instantiate.swift in Sources */,
				7A30F02C1FC9E732003423A9 /* UsageStatsType.swift in Sources */,
			);
			runOnlyForDeploymentPostprocessing = 0;
		};
		7A8F42661FC75A3400E57FAC /* Sources */ = {
			isa = PBXSourcesBuildPhase;
			buildActionMask = 2147483647;
			files = (
				7A7E43B81FCAE11E0072087F /* FruitDataTests.swift in Sources */,
				7AA8C4271FCAF81E00AA64BF /* FruitListPresenterTests.swift in Sources */,
				7A7E43C21FCAE11E0072087F /* LoadingViewTests.swift in Sources */,
				7A7E43CE1FCAE1AD0072087F /* FruitListNavigationCoordinatorTests.swift in Sources */,
				7A7E43C01FCAE11E0072087F /* InteractorTests.swift in Sources */,
				7A7E43C11FCAE11E0072087F /* ErrorViewTests.swift in Sources */,
				7A7E43C31FCAE11E0072087F /* UsageStatsErrorNotifierTests.swift in Sources */,
				7A7E43B91FCAE11E0072087F /* FruitViewModelTests.swift in Sources */,
				7A7E43BD1FCAE11E0072087F /* UsageStatsNetworkServiceTests.swift in Sources */,
				7AA8C4251FCAEEA700AA64BF /* CollectionViewDelegateTests.swift in Sources */,
				7A7E43BF1FCAE11E0072087F /* CanNotifyNetworkRequestDurationTests.swift in Sources */,
				7A7E43BA1FCAE11E0072087F /* FunctionsTests.swift in Sources */,
				7A7E43BB1FCAE11E0072087F /* HTTPURLResponse+ResponseTypeTests.swift in Sources */,
				7A7E43BE1FCAE11E0072087F /* CanNotifyDisplayRenderDurationTests.swift in Sources */,
				7A7E43D01FCAE5150072087F /* FruitListInteractorTests.swift in Sources */,
				7A7E43C41FCAE11E0072087F /* UsageStatsHandlerTests.swift in Sources */,
				7A7E43BC1FCAE11E0072087F /* FruitDataNetworkServiceTests.swift in Sources */,
				7AA8C4231FCAE8F300AA64BF /* CollectionViewDataSourceTests.swift in Sources */,
			);
			runOnlyForDeploymentPostprocessing = 0;
		};
/* End PBXSourcesBuildPhase section */

/* Begin PBXTargetDependency section */
		7A8F426C1FC75A3400E57FAC /* PBXTargetDependency */ = {
			isa = PBXTargetDependency;
			target = 7A8F42551FC75A3400E57FAC /* FruitViewer */;
			targetProxy = 7A8F426B1FC75A3400E57FAC /* PBXContainerItemProxy */;
		};
/* End PBXTargetDependency section */

/* Begin PBXVariantGroup section */
		7A8F42881FC75B3E00E57FAC /* Localizable.strings */ = {
			isa = PBXVariantGroup;
			children = (
				7A8F428A1FC75B5C00E57FAC /* Base */,
			);
			name = Localizable.strings;
			sourceTree = "<group>";
		};
/* End PBXVariantGroup section */

/* Begin XCBuildConfiguration section */
		7A8F42711FC75A3400E57FAC /* Debug */ = {
			isa = XCBuildConfiguration;
			buildSettings = {
				ALWAYS_SEARCH_USER_PATHS = NO;
				CLANG_ANALYZER_NONNULL = YES;
				CLANG_ANALYZER_NUMBER_OBJECT_CONVERSION = YES_AGGRESSIVE;
				CLANG_CXX_LANGUAGE_STANDARD = "gnu++14";
				CLANG_CXX_LIBRARY = "libc++";
				CLANG_ENABLE_MODULES = YES;
				CLANG_ENABLE_OBJC_ARC = YES;
				CLANG_WARN_BLOCK_CAPTURE_AUTORELEASING = YES;
				CLANG_WARN_BOOL_CONVERSION = YES;
				CLANG_WARN_COMMA = YES;
				CLANG_WARN_CONSTANT_CONVERSION = YES;
				CLANG_WARN_DIRECT_OBJC_ISA_USAGE = YES_ERROR;
				CLANG_WARN_DOCUMENTATION_COMMENTS = YES;
				CLANG_WARN_EMPTY_BODY = YES;
				CLANG_WARN_ENUM_CONVERSION = YES;
				CLANG_WARN_INFINITE_RECURSION = YES;
				CLANG_WARN_INT_CONVERSION = YES;
				CLANG_WARN_NON_LITERAL_NULL_CONVERSION = YES;
				CLANG_WARN_OBJC_LITERAL_CONVERSION = YES;
				CLANG_WARN_OBJC_ROOT_CLASS = YES_ERROR;
				CLANG_WARN_RANGE_LOOP_ANALYSIS = YES;
				CLANG_WARN_STRICT_PROTOTYPES = YES;
				CLANG_WARN_SUSPICIOUS_MOVE = YES;
				CLANG_WARN_UNGUARDED_AVAILABILITY = YES_AGGRESSIVE;
				CLANG_WARN_UNREACHABLE_CODE = YES;
				CLANG_WARN__DUPLICATE_METHOD_MATCH = YES;
				CODE_SIGN_IDENTITY = "iPhone Developer";
				COPY_PHASE_STRIP = NO;
				DEBUG_INFORMATION_FORMAT = dwarf;
				ENABLE_STRICT_OBJC_MSGSEND = YES;
				ENABLE_TESTABILITY = YES;
				GCC_C_LANGUAGE_STANDARD = gnu11;
				GCC_DYNAMIC_NO_PIC = NO;
				GCC_NO_COMMON_BLOCKS = YES;
				GCC_OPTIMIZATION_LEVEL = 0;
				GCC_PREPROCESSOR_DEFINITIONS = (
					"DEBUG=1",
					"$(inherited)",
				);
				GCC_WARN_64_TO_32_BIT_CONVERSION = YES;
				GCC_WARN_ABOUT_RETURN_TYPE = YES_ERROR;
				GCC_WARN_UNDECLARED_SELECTOR = YES;
				GCC_WARN_UNINITIALIZED_AUTOS = YES_AGGRESSIVE;
				GCC_WARN_UNUSED_FUNCTION = YES;
				GCC_WARN_UNUSED_VARIABLE = YES;
				IPHONEOS_DEPLOYMENT_TARGET = 11.0;
				MTL_ENABLE_DEBUG_INFO = YES;
				ONLY_ACTIVE_ARCH = YES;
				SDKROOT = iphoneos;
				SWIFT_ACTIVE_COMPILATION_CONDITIONS = DEBUG;
				SWIFT_OPTIMIZATION_LEVEL = "-Onone";
			};
			name = Debug;
		};
		7A8F42721FC75A3400E57FAC /* Release */ = {
			isa = XCBuildConfiguration;
			buildSettings = {
				ALWAYS_SEARCH_USER_PATHS = NO;
				CLANG_ANALYZER_NONNULL = YES;
				CLANG_ANALYZER_NUMBER_OBJECT_CONVERSION = YES_AGGRESSIVE;
				CLANG_CXX_LANGUAGE_STANDARD = "gnu++14";
				CLANG_CXX_LIBRARY = "libc++";
				CLANG_ENABLE_MODULES = YES;
				CLANG_ENABLE_OBJC_ARC = YES;
				CLANG_WARN_BLOCK_CAPTURE_AUTORELEASING = YES;
				CLANG_WARN_BOOL_CONVERSION = YES;
				CLANG_WARN_COMMA = YES;
				CLANG_WARN_CONSTANT_CONVERSION = YES;
				CLANG_WARN_DIRECT_OBJC_ISA_USAGE = YES_ERROR;
				CLANG_WARN_DOCUMENTATION_COMMENTS = YES;
				CLANG_WARN_EMPTY_BODY = YES;
				CLANG_WARN_ENUM_CONVERSION = YES;
				CLANG_WARN_INFINITE_RECURSION = YES;
				CLANG_WARN_INT_CONVERSION = YES;
				CLANG_WARN_NON_LITERAL_NULL_CONVERSION = YES;
				CLANG_WARN_OBJC_LITERAL_CONVERSION = YES;
				CLANG_WARN_OBJC_ROOT_CLASS = YES_ERROR;
				CLANG_WARN_RANGE_LOOP_ANALYSIS = YES;
				CLANG_WARN_STRICT_PROTOTYPES = YES;
				CLANG_WARN_SUSPICIOUS_MOVE = YES;
				CLANG_WARN_UNGUARDED_AVAILABILITY = YES_AGGRESSIVE;
				CLANG_WARN_UNREACHABLE_CODE = YES;
				CLANG_WARN__DUPLICATE_METHOD_MATCH = YES;
				CODE_SIGN_IDENTITY = "iPhone Developer";
				COPY_PHASE_STRIP = NO;
				DEBUG_INFORMATION_FORMAT = "dwarf-with-dsym";
				ENABLE_NS_ASSERTIONS = NO;
				ENABLE_STRICT_OBJC_MSGSEND = YES;
				GCC_C_LANGUAGE_STANDARD = gnu11;
				GCC_NO_COMMON_BLOCKS = YES;
				GCC_WARN_64_TO_32_BIT_CONVERSION = YES;
				GCC_WARN_ABOUT_RETURN_TYPE = YES_ERROR;
				GCC_WARN_UNDECLARED_SELECTOR = YES;
				GCC_WARN_UNINITIALIZED_AUTOS = YES_AGGRESSIVE;
				GCC_WARN_UNUSED_FUNCTION = YES;
				GCC_WARN_UNUSED_VARIABLE = YES;
				IPHONEOS_DEPLOYMENT_TARGET = 11.0;
				MTL_ENABLE_DEBUG_INFO = NO;
				SDKROOT = iphoneos;
				SWIFT_OPTIMIZATION_LEVEL = "-Owholemodule";
				VALIDATE_PRODUCT = YES;
			};
			name = Release;
		};
		7A8F42741FC75A3400E57FAC /* Debug */ = {
			isa = XCBuildConfiguration;
			buildSettings = {
				ASSETCATALOG_COMPILER_APPICON_NAME = AppIcon;
				CLANG_ENABLE_MODULES = YES;
				CODE_SIGN_STYLE = Automatic;
				INFOPLIST_FILE = "$(SRCROOT)/FruitViewer/Supporting/Info.plist";
				LD_RUNPATH_SEARCH_PATHS = "$(inherited) @executable_path/Frameworks";
				PRODUCT_BUNDLE_IDENTIFIER = com.melvin.FruitViewer;
				PRODUCT_NAME = "$(TARGET_NAME)";
				SWIFT_OBJC_BRIDGING_HEADER = "FruitViewer/Source/Shared/ExceptionHandler/FruitViewer-Bridging-Header.h";
				SWIFT_OPTIMIZATION_LEVEL = "-Onone";
				SWIFT_VERSION = 4.0;
				TARGETED_DEVICE_FAMILY = "1,2";
			};
			name = Debug;
		};
		7A8F42751FC75A3400E57FAC /* Release */ = {
			isa = XCBuildConfiguration;
			buildSettings = {
				ASSETCATALOG_COMPILER_APPICON_NAME = AppIcon;
				CLANG_ENABLE_MODULES = YES;
				CODE_SIGN_STYLE = Automatic;
				INFOPLIST_FILE = "$(SRCROOT)/FruitViewer/Supporting/Info.plist";
				LD_RUNPATH_SEARCH_PATHS = "$(inherited) @executable_path/Frameworks";
				PRODUCT_BUNDLE_IDENTIFIER = com.melvin.FruitViewer;
				PRODUCT_NAME = "$(TARGET_NAME)";
				SWIFT_OBJC_BRIDGING_HEADER = "FruitViewer/Source/Shared/ExceptionHandler/FruitViewer-Bridging-Header.h";
				SWIFT_VERSION = 4.0;
				TARGETED_DEVICE_FAMILY = "1,2";
			};
			name = Release;
		};
		7A8F42771FC75A3400E57FAC /* Debug */ = {
			isa = XCBuildConfiguration;
			buildSettings = {
				ALWAYS_EMBED_SWIFT_STANDARD_LIBRARIES = YES;
				BUNDLE_LOADER = "$(TEST_HOST)";
				CLANG_ENABLE_MODULES = YES;
				CODE_SIGN_STYLE = Automatic;
				INFOPLIST_FILE = FruitViewerTests/Info.plist;
				LD_RUNPATH_SEARCH_PATHS = "$(inherited) @executable_path/Frameworks @loader_path/Frameworks";
				PRODUCT_BUNDLE_IDENTIFIER = com.melvin.FruitViewerTests;
				PRODUCT_NAME = "$(TARGET_NAME)";
				SWIFT_OBJC_BRIDGING_HEADER = "";
				SWIFT_OPTIMIZATION_LEVEL = "-Onone";
				SWIFT_VERSION = 4.0;
				TARGETED_DEVICE_FAMILY = "1,2";
				TEST_HOST = "$(BUILT_PRODUCTS_DIR)/FruitViewer.app/FruitViewer";
			};
			name = Debug;
		};
		7A8F42781FC75A3400E57FAC /* Release */ = {
			isa = XCBuildConfiguration;
			buildSettings = {
				ALWAYS_EMBED_SWIFT_STANDARD_LIBRARIES = YES;
				BUNDLE_LOADER = "$(TEST_HOST)";
				CLANG_ENABLE_MODULES = YES;
				CODE_SIGN_STYLE = Automatic;
				INFOPLIST_FILE = FruitViewerTests/Info.plist;
				LD_RUNPATH_SEARCH_PATHS = "$(inherited) @executable_path/Frameworks @loader_path/Frameworks";
				PRODUCT_BUNDLE_IDENTIFIER = com.melvin.FruitViewerTests;
				PRODUCT_NAME = "$(TARGET_NAME)";
				SWIFT_OBJC_BRIDGING_HEADER = "";
				SWIFT_VERSION = 4.0;
				TARGETED_DEVICE_FAMILY = "1,2";
				TEST_HOST = "$(BUILT_PRODUCTS_DIR)/FruitViewer.app/FruitViewer";
			};
			name = Release;
		};
/* End XCBuildConfiguration section */

/* Begin XCConfigurationList section */
		7A8F42511FC75A3400E57FAC /* Build configuration list for PBXProject "FruitViewer" */ = {
			isa = XCConfigurationList;
			buildConfigurations = (
				7A8F42711FC75A3400E57FAC /* Debug */,
				7A8F42721FC75A3400E57FAC /* Release */,
			);
			defaultConfigurationIsVisible = 0;
			defaultConfigurationName = Release;
		};
		7A8F42731FC75A3400E57FAC /* Build configuration list for PBXNativeTarget "FruitViewer" */ = {
			isa = XCConfigurationList;
			buildConfigurations = (
				7A8F42741FC75A3400E57FAC /* Debug */,
				7A8F42751FC75A3400E57FAC /* Release */,
			);
			defaultConfigurationIsVisible = 0;
			defaultConfigurationName = Release;
		};
		7A8F42761FC75A3400E57FAC /* Build configuration list for PBXNativeTarget "FruitViewerTests" */ = {
			isa = XCConfigurationList;
			buildConfigurations = (
				7A8F42771FC75A3400E57FAC /* Debug */,
				7A8F42781FC75A3400E57FAC /* Release */,
			);
			defaultConfigurationIsVisible = 0;
			defaultConfigurationName = Release;
		};
/* End XCConfigurationList section */
	};
	rootObject = 7A8F424E1FC75A3400E57FAC /* Project object */;
}
